
Microsoft Visual Studio Solution File, Format Version 12.00
# Visual Studio 15
VisualStudioVersion = 15.0.27130.2024
MinimumVisualStudioVersion = 10.0.40219.1
Project("{FAE04EC0-301F-11D3-BF4B-00C04F79EFBC}") = "Legendary", "Legendary_v1.0\Legendary.csproj", "{2977F7D7-215E-4F25-9058-953310F10411}"
EndProject
Global
	GlobalSection(SolutionConfigurationPlatforms) = preSolution
		Debug|Any CPU = Debug|Any CPU
		Release|Any CPU = Release|Any CPU
	EndGlobalSection
	GlobalSection(ProjectConfigurationPlatforms) = postSolution
		{2977F7D7-215E-4F25-9058-953310F10411}.Debug|Any CPU.ActiveCfg = Debug|Any CPU
		{2977F7D7-215E-4F25-9058-953310F10411}.Debug|Any CPU.Build.0 = Debug|Any CPU
		{2977F7D7-215E-4F25-9058-953310F10411}.Release|Any CPU.ActiveCfg = Release|Any CPU
		{2977F7D7-215E-4F25-9058-953310F10411}.Release|Any CPU.Build.0 = Release|Any CPU
	EndGlobalSection
	GlobalSection(SolutionProperties) = preSolution
		HideSolutionNode = FALSE
	EndGlobalSection
	GlobalSection(ExtensibilityGlobals) = postSolution
		SolutionGuid = {829B9926-5872-47C6-AE89-9B2E71B269D2}
	EndGlobalSection
EndGlobal
